
Microsoft Visual Studio Solution File, Format Version 12.00
# Visual Studio Version 17
VisualStudioVersion = 17.5.002.0
MinimumVisualStudioVersion = 10.0.40219.1
Project("{9A19103F-16F7-4668-BE54-9A1E7A4F7556}") = "MiApi", "MiApi.csproj", "{83C4745E-1509-4C76-9F65-63B925AD0098}"
EndProject
Global
	GlobalSection(SolutionConfigurationPlatforms) = preSolution
		Debug|Any CPU = Debug|Any CPU
		Release|Any CPU = Release|Any CPU
	EndGlobalSection
	GlobalSection(ProjectConfigurationPlatforms) = postSolution
		{83C4745E-1509-4C76-9F65-63B925AD0098}.Debug|Any CPU.ActiveCfg = Debug|Any CPU
		{83C4745E-1509-4C76-9F65-63B925AD0098}.Debug|Any CPU.Build.0 = Debug|Any CPU
		{83C4745E-1509-4C76-9F65-63B925AD0098}.Release|Any CPU.ActiveCfg = Release|Any CPU
		{83C4745E-1509-4C76-9F65-63B925AD0098}.Release|Any CPU.Build.0 = Release|Any CPU
	EndGlobalSection
	GlobalSection(SolutionProperties) = preSolution
		HideSolutionNode = FALSE
	EndGlobalSection
	GlobalSection(ExtensibilityGlobals) = postSolution
		SolutionGuid = {C757E176-1B8F-4953-9F50-E13E173AF306}
	EndGlobalSection
EndGlobal
